{
  "nvim-gps": {
    "commit": "9552418"
  },
  "telescope-fzf-native.nvim": {
    "commit": "281b07a"
  },
  "packer.nvim": {
    "commit": "4dedd3b"
  },
  "Comment.nvim": {
    "commit": "79b356d"
  },
  "nvim-notify": {
    "commit": "d4a01ee"
  },
  "vim-surround": {
    "commit": "bf3480d"
  },
  "nvim-lspconfig": {
    "commit": "2f37b2c"
  },
  "nvim-spectre": {
    "commit": "345e5dd"
  },
  "lsp-colors.nvim": {
    "commit": "517fe3a"
  },
  "nvim-scrollview": {
    "commit": "696b56f"
  },
  "vim-gitgrep": {
    "commit": "f8cd8e6"
  },
  "null-ls.nvim": {
    "commit": "dcad76e"
  },
  "lualine.nvim": {
    "commit": "619eded"
  },
  "cmp-cmdline": {
    "commit": "c36ca4b"
  },
  "cmp-nvim-lsp": {
    "commit": "e6b5feb"
  },
  "zk-nvim": {
    "commit": "d705faa"
  },
  "workspaces.nvim": {
    "commit": "c53aa4a"
  },
  "github-nvim-theme": {
    "commit": "eeac2e7"
  },
  "legendary.nvim": {
    "commit": "1722613"
  },
  "vim-fugitive": {
    "commit": "b7287bd"
  },
  "gitsigns.nvim": {
    "commit": "aca84fd"
  },
  "indent-blankline.nvim": {
    "commit": "8567ac8"
  },
  "dressing.nvim": {
    "commit": "a476efd"
  },
  "lspkind-nvim": {
    "commit": "57e5b5d"
  },
  "which-key.nvim": {
    "commit": "bd4411a"
  },
  "telescope.nvim": {
    "commit": "795a63e"
  },
  "vim-microtone": {
    "commit": "3a90458"
  },
  "catppuccin-nvim": {
    "commit": "8a67df6"
  },
  "vim-startuptime": {
    "commit": "61f122e"
  },
  "filetype.nvim": {
    "commit": "5a9837d"
  },
  "hop.nvim": {
    "commit": "b93ed4c"
  },
  "lush.nvim": {
    "commit": "0c4acf6"
  },
  "neo-tree.nvim": {
    "commit": "a917174"
  },
  "vim-visualstar": {
    "commit": "a18cd0e"
  },
  "cmp-vsnip": {
    "commit": "0abfa18"
  },
  "nvim-web-devicons": {
    "commit": "bdd4342"
  },
  "vim-slim": {
    "commit": "f0758ea"
  },
  "nvim-treesitter": {
    "commit": "aaf5d37"
  },
  "nui.nvim": {
    "commit": "abdbfab"
  },
  "nnn.nvim": {
    "commit": "0205f69"
  },
  "impatient.nvim": {
    "commit": "2337df7"
  },
  "vim-markdown": {
    "commit": "3a96439"
  },
  "vim-indent-object": {
    "commit": "5c5b24c"
  },
  "vim-rhubarb": {
    "commit": "977b3cc"
  },
  "nvim-lsp-installer": {
    "commit": "896831c"
  },
  "nightfox.nvim": {
    "commit": "63a8eb6"
  },
  "indent-o-matic": {
    "commit": "9d04624"
  },
  "zenbones.nvim": {
    "commit": "e4def19"
  },
  "vim-foldtext": {
    "commit": "4508785"
  },
  "rose-pine-nvim": {
    "commit": "aa69b6a"
  },
  "twilight.nvim": {
    "commit": "8ab43c0"
  },
  "toggleterm.nvim": {
    "commit": "7941edf"
  },
  "plenary.nvim": {
    "commit": "9069d14"
  },
  "nvim-cmp": {
    "commit": "a226b6a"
  },
  "harpoon": {
    "commit": "d3d3d22"
  },
  "cmp-path": {
    "commit": "466b6b8"
  },
  "cmp-buffer": {
    "commit": "12463cf"
  }
}
